
Microsoft Visual Studio Solution File, Format Version 11.00
# Visual Studio 2010
Project("{FAE04EC0-301F-11D3-BF4B-00C04F79EFBC}") = "Assembly-CSharp", "Assembly-CSharp.csproj", "{B81F3C33-3620-9271-41A4-E521843DB45B}"
EndProject
Project("{FAE04EC0-301F-11D3-BF4B-00C04F79EFBC}") = "MToon", "MToon.csproj", "{B477E26C-AB72-F996-085C-03C9958DF3DF}"
EndProject
Project("{FAE04EC0-301F-11D3-BF4B-00C04F79EFBC}") = "Assembly-CSharp-Editor", "Assembly-CSharp-Editor.csproj", "{121A9119-FEEA-20E9-D105-DEEBABF11EE2}"
EndProject
Project("{FAE04EC0-301F-11D3-BF4B-00C04F79EFBC}") = "MToon.Editor", "MToon.Editor.csproj", "{FDE1A9E2-DD44-23DD-0AF8-BDD84751348C}"
EndProject
Global
	GlobalSection(SolutionConfigurationPlatforms) = preSolution
		Debug|Any CPU = Debug|Any CPU
		Release|Any CPU = Release|Any CPU
	EndGlobalSection
	GlobalSection(ProjectConfigurationPlatforms) = postSolution
		{B81F3C33-3620-9271-41A4-E521843DB45B}.Debug|Any CPU.ActiveCfg = Debug|Any CPU
		{B81F3C33-3620-9271-41A4-E521843DB45B}.Debug|Any CPU.Build.0 = Debug|Any CPU
		{B81F3C33-3620-9271-41A4-E521843DB45B}.Release|Any CPU.ActiveCfg = Release|Any CPU
		{B81F3C33-3620-9271-41A4-E521843DB45B}.Release|Any CPU.Build.0 = Release|Any CPU
		{B477E26C-AB72-F996-085C-03C9958DF3DF}.Debug|Any CPU.ActiveCfg = Debug|Any CPU
		{B477E26C-AB72-F996-085C-03C9958DF3DF}.Debug|Any CPU.Build.0 = Debug|Any CPU
		{B477E26C-AB72-F996-085C-03C9958DF3DF}.Release|Any CPU.ActiveCfg = Release|Any CPU
		{B477E26C-AB72-F996-085C-03C9958DF3DF}.Release|Any CPU.Build.0 = Release|Any CPU
		{121A9119-FEEA-20E9-D105-DEEBABF11EE2}.Debug|Any CPU.ActiveCfg = Debug|Any CPU
		{121A9119-FEEA-20E9-D105-DEEBABF11EE2}.Debug|Any CPU.Build.0 = Debug|Any CPU
		{121A9119-FEEA-20E9-D105-DEEBABF11EE2}.Release|Any CPU.ActiveCfg = Release|Any CPU
		{121A9119-FEEA-20E9-D105-DEEBABF11EE2}.Release|Any CPU.Build.0 = Release|Any CPU
		{FDE1A9E2-DD44-23DD-0AF8-BDD84751348C}.Debug|Any CPU.ActiveCfg = Debug|Any CPU
		{FDE1A9E2-DD44-23DD-0AF8-BDD84751348C}.Debug|Any CPU.Build.0 = Debug|Any CPU
		{FDE1A9E2-DD44-23DD-0AF8-BDD84751348C}.Release|Any CPU.ActiveCfg = Release|Any CPU
		{FDE1A9E2-DD44-23DD-0AF8-BDD84751348C}.Release|Any CPU.Build.0 = Release|Any CPU
	EndGlobalSection
	GlobalSection(SolutionProperties) = preSolution
		HideSolutionNode = FALSE
	EndGlobalSection
	GlobalSection(MonoDevelopProperties) = preSolution
		StartupItem = Assembly-CSharp.csproj
	EndGlobalSection
EndGlobal
